// !$*UTF8*$!
{
	archiveVersion = 1;
	classes = {
	};
	objectVersion = 46;
	objects = {

/* Begin PBXBuildFile section */
		271EAC0BF16FE40B996281AF /* Pods_FruokUITests.framework in Frameworks */ = {isa = PBXBuildFile; fileRef = 35F75909185B30AAE0ED14CB /* Pods_FruokUITests.framework */; };
		52F2D2AB02B9F0489EF794AE /* Pods_FruokTests.framework in Frameworks */ = {isa = PBXBuildFile; fileRef = 9FB1C67FA28B9D791E06D7D5 /* Pods_FruokTests.framework */; };
		C510E1B01BE92F1C0CD199E6 /* Pods_Fruok.framework in Frameworks */ = {isa = PBXBuildFile; fileRef = 3F4F892E3EC3444EAE5707A1 /* Pods_Fruok.framework */; };
		D82E214C1F3BEC8000F601DD /* DocumentWindowController.swift in Sources */ = {isa = PBXBuildFile; fileRef = D82E214B1F3BEC8000F601DD /* DocumentWindowController.swift */; };
		D82E21531F3C540100F601DD /* TasksCollectionVC.swift in Sources */ = {isa = PBXBuildFile; fileRef = D82E21521F3C540100F601DD /* TasksCollectionVC.swift */; };
		D82E21551F3C541800F601DD /* TasksCollectionVM.swift in Sources */ = {isa = PBXBuildFile; fileRef = D82E21541F3C541800F601DD /* TasksCollectionVM.swift */; };
		D82E21571F3C577500F601DD /* TasksCollectionView.storyboard in Resources */ = {isa = PBXBuildFile; fileRef = D82E21561F3C577500F601DD /* TasksCollectionView.storyboard */; };
		D82E215B1F3C587D00F601DD /* KanbanTaskItem.swift in Sources */ = {isa = PBXBuildFile; fileRef = D82E21591F3C587D00F601DD /* KanbanTaskItem.swift */; };
		D82E215C1F3C587D00F601DD /* KanbanTaskItem.xib in Resources */ = {isa = PBXBuildFile; fileRef = D82E215A1F3C587D00F601DD /* KanbanTaskItem.xib */; };
		D82E215E1F3C59BE00F601DD /* KanbanTaskItemVM.swift in Sources */ = {isa = PBXBuildFile; fileRef = D82E215D1F3C59BE00F601DD /* KanbanTaskItemVM.swift */; };
		D82E21671F3C5CE400F601DD /* BaseTask+CoreDataProperties.swift in Sources */ = {isa = PBXBuildFile; fileRef = D82E215F1F3C5CE400F601DD /* BaseTask+CoreDataProperties.swift */; };
		D82E21681F3C5CE400F601DD /* Label+CoreDataProperties.swift in Sources */ = {isa = PBXBuildFile; fileRef = D82E21601F3C5CE400F601DD /* Label+CoreDataProperties.swift */; };
		D82E21691F3C5CE400F601DD /* LabelColor+CoreDataProperties.swift in Sources */ = {isa = PBXBuildFile; fileRef = D82E21611F3C5CE400F601DD /* LabelColor+CoreDataProperties.swift */; };
		D82E216A1F3C5CE400F601DD /* Project+CoreDataProperties.swift in Sources */ = {isa = PBXBuildFile; fileRef = D82E21621F3C5CE400F601DD /* Project+CoreDataProperties.swift */; };
		D82E216B1F3C5CE400F601DD /* RGBAColor+CoreDataProperties.swift in Sources */ = {isa = PBXBuildFile; fileRef = D82E21631F3C5CE400F601DD /* RGBAColor+CoreDataProperties.swift */; };
		D82E216C1F3C5CE400F601DD /* Subtask+CoreDataProperties.swift in Sources */ = {isa = PBXBuildFile; fileRef = D82E21641F3C5CE400F601DD /* Subtask+CoreDataProperties.swift */; };
		D82E216D1F3C5CE400F601DD /* Task+CoreDataProperties.swift in Sources */ = {isa = PBXBuildFile; fileRef = D82E21651F3C5CE400F601DD /* Task+CoreDataProperties.swift */; };
		D82E216E1F3C5CE400F601DD /* TaskState+CoreDataProperties.swift in Sources */ = {isa = PBXBuildFile; fileRef = D82E21661F3C5CE400F601DD /* TaskState+CoreDataProperties.swift */; };
		D82E21701F3C616000F601DD /* TasksCollectionLayout.swift in Sources */ = {isa = PBXBuildFile; fileRef = D82E216F1F3C616000F601DD /* TasksCollectionLayout.swift */; };
		D82E21741F3CFFFD00F601DD /* TaskDetailVC.swift in Sources */ = {isa = PBXBuildFile; fileRef = D82E21721F3CFFFD00F601DD /* TaskDetailVC.swift */; };
		D82E21751F3CFFFD00F601DD /* TaskDetailVC.xib in Resources */ = {isa = PBXBuildFile; fileRef = D82E21731F3CFFFD00F601DD /* TaskDetailVC.xib */; };
		D82E21771F3D02E900F601DD /* TaskDetailVM.swift in Sources */ = {isa = PBXBuildFile; fileRef = D82E21761F3D02E900F601DD /* TaskDetailVM.swift */; };
		D82E21791F3E6C5300F601DD /* UTI.swift in Sources */ = {isa = PBXBuildFile; fileRef = D82E21781F3E6C5300F601DD /* UTI.swift */; };
		D82E217B1F3F822000F601DD /* NSManagedObjectContext+URI.swift in Sources */ = {isa = PBXBuildFile; fileRef = D82E217A1F3F822000F601DD /* NSManagedObjectContext+URI.swift */; };
		D82E217D1F40B57F00F601DD /* CollectionDelegateDragAndDrop.swift in Sources */ = {isa = PBXBuildFile; fileRef = D82E217C1F40B57F00F601DD /* CollectionDelegateDragAndDrop.swift */; };
		D82E217F1F40F2F700F601DD /* CollectionViewModel.swift in Sources */ = {isa = PBXBuildFile; fileRef = D82E217E1F40F2F700F601DD /* CollectionViewModel.swift */; };
		D82E21811F40FAAD00F601DD /* CollectionViewModelClientView.swift in Sources */ = {isa = PBXBuildFile; fileRef = D82E21801F40FAAD00F601DD /* CollectionViewModelClientView.swift */; };
		D82E21831F4111BD00F601DD /* OneDimensionalFittingCollectionViewLayout.swift in Sources */ = {isa = PBXBuildFile; fileRef = D82E21821F4111BC00F601DD /* OneDimensionalFittingCollectionViewLayout.swift */; };
		D82ECF281F37985D008251C2 /* Document.xcdatamodeld in Sources */ = {isa = PBXBuildFile; fileRef = D82ECF151F37985D008251C2 /* Document.xcdatamodeld */; };
		D82ECF291F37985D008251C2 /* BaseTask+CoreDataClass.swift in Sources */ = {isa = PBXBuildFile; fileRef = D82ECF181F37985D008251C2 /* BaseTask+CoreDataClass.swift */; };
		D82ECF2B1F37985D008251C2 /* Label+CoreDataClass.swift in Sources */ = {isa = PBXBuildFile; fileRef = D82ECF1A1F37985D008251C2 /* Label+CoreDataClass.swift */; };
		D82ECF2D1F37985D008251C2 /* LabelColor+CoreDataClass.swift in Sources */ = {isa = PBXBuildFile; fileRef = D82ECF1C1F37985D008251C2 /* LabelColor+CoreDataClass.swift */; };
		D82ECF2F1F37985D008251C2 /* Project+CoreDataClass.swift in Sources */ = {isa = PBXBuildFile; fileRef = D82ECF1E1F37985D008251C2 /* Project+CoreDataClass.swift */; };
		D82ECF311F37985D008251C2 /* RGBAColor+CoreDataClass.swift in Sources */ = {isa = PBXBuildFile; fileRef = D82ECF201F37985D008251C2 /* RGBAColor+CoreDataClass.swift */; };
		D82ECF331F37985D008251C2 /* Subtask+CoreDataClass.swift in Sources */ = {isa = PBXBuildFile; fileRef = D82ECF221F37985D008251C2 /* Subtask+CoreDataClass.swift */; };
		D82ECF351F37985D008251C2 /* Task+CoreDataClass.swift in Sources */ = {isa = PBXBuildFile; fileRef = D82ECF241F37985D008251C2 /* Task+CoreDataClass.swift */; };
		D82ECF371F37985D008251C2 /* TaskState+CoreDataClass.swift in Sources */ = {isa = PBXBuildFile; fileRef = D82ECF261F37985D008251C2 /* TaskState+CoreDataClass.swift */; };
		D8339DE61F46FA9700EA5617 /* LabelsVC.swift in Sources */ = {isa = PBXBuildFile; fileRef = D8339DE41F46FA9700EA5617 /* LabelsVC.swift */; };
		D8339DE71F46FA9700EA5617 /* LabelsVC.xib in Resources */ = {isa = PBXBuildFile; fileRef = D8339DE51F46FA9700EA5617 /* LabelsVC.xib */; };
		D8339DE91F46FB0500EA5617 /* LabelsVM.swift in Sources */ = {isa = PBXBuildFile; fileRef = D8339DE81F46FB0500EA5617 /* LabelsVM.swift */; };
		D8339DED1F47111300EA5617 /* LabelItemVM.swift in Sources */ = {isa = PBXBuildFile; fileRef = D8339DEC1F47111300EA5617 /* LabelItemVM.swift */; };
		D8339DEF1F4711E000EA5617 /* LabelItem.xib in Resources */ = {isa = PBXBuildFile; fileRef = D8339DEE1F4711E000EA5617 /* LabelItem.xib */; };
		D8339DF11F47127800EA5617 /* LabelItem.swift in Sources */ = {isa = PBXBuildFile; fileRef = D8339DF01F47127800EA5617 /* LabelItem.swift */; };
		D8339DF31F477FE400EA5617 /* LabelsCollectionLayout.swift in Sources */ = {isa = PBXBuildFile; fileRef = D8339DF21F477FE400EA5617 /* LabelsCollectionLayout.swift */; };
		D8388E401F37905B004A2DA3 /* AppDelegate.swift in Sources */ = {isa = PBXBuildFile; fileRef = D8388E3F1F37905B004A2DA3 /* AppDelegate.swift */; };
		D8388E421F37905B004A2DA3 /* DocumentContentVC.swift in Sources */ = {isa = PBXBuildFile; fileRef = D8388E411F37905B004A2DA3 /* DocumentContentVC.swift */; };
		D8388E441F37905B004A2DA3 /* FruokDocument.swift in Sources */ = {isa = PBXBuildFile; fileRef = D8388E431F37905B004A2DA3 /* FruokDocument.swift */; };
		D8388E491F37905B004A2DA3 /* Assets.xcassets in Resources */ = {isa = PBXBuildFile; fileRef = D8388E481F37905B004A2DA3 /* Assets.xcassets */; };
		D8388E4C1F37905B004A2DA3 /* Main.storyboard in Resources */ = {isa = PBXBuildFile; fileRef = D8388E4A1F37905B004A2DA3 /* Main.storyboard */; };
		D8388E571F37905B004A2DA3 /* FruokTests.swift in Sources */ = {isa = PBXBuildFile; fileRef = D8388E561F37905B004A2DA3 /* FruokTests.swift */; };
		D8388E621F37905B004A2DA3 /* FruokUITests.swift in Sources */ = {isa = PBXBuildFile; fileRef = D8388E611F37905B004A2DA3 /* FruokUITests.swift */; };
		D84E45B61F49BB3B00C7891F /* RGBAColorsMarshalling.swift in Sources */ = {isa = PBXBuildFile; fileRef = D84E45B51F49BB3B00C7891F /* RGBAColorsMarshalling.swift */; };
		D84E45B91F49BC4E00C7891F /* RGBAColorsMarshalling+CoreData.swift in Sources */ = {isa = PBXBuildFile; fileRef = D84E45B81F49BC4E00C7891F /* RGBAColorsMarshalling+CoreData.swift */; };
		D84E45BB1F49BD3200C7891F /* RGBAColorsMarshalling+NSColor.swift in Sources */ = {isa = PBXBuildFile; fileRef = D84E45BA1F49BD3200C7891F /* RGBAColorsMarshalling+NSColor.swift */; };
		D84E45BD1F4A15EE00C7891F /* LabelEditingColorWell.swift in Sources */ = {isa = PBXBuildFile; fileRef = D84E45BC1F4A15EE00C7891F /* LabelEditingColorWell.swift */; };
		D8C2AD0D1F38FB97002D75B2 /* KanbanVC.swift in Sources */ = {isa = PBXBuildFile; fileRef = D8C2AD0C1F38FB97002D75B2 /* KanbanVC.swift */; };
		D8C2AD0F1F39007E002D75B2 /* DocumentContentVM.swift in Sources */ = {isa = PBXBuildFile; fileRef = D8C2AD0E1F39007E002D75B2 /* DocumentContentVM.swift */; };
		D8C2AD111F390305002D75B2 /* KVVM.swift in Sources */ = {isa = PBXBuildFile; fileRef = D8C2AD101F390305002D75B2 /* KVVM.swift */; };
		D8C2AD1B1F3A4CC8002D75B2 /* NSLayoutConstraint+utilities.m in Sources */ = {isa = PBXBuildFile; fileRef = D8C2AD191F3A4CC7002D75B2 /* NSLayoutConstraint+utilities.m */; };
		D8C2AD1F1F3A4E20002D75B2 /* NSView+SubviewHelpers.m in Sources */ = {isa = PBXBuildFile; fileRef = D8C2AD1D1F3A4E20002D75B2 /* NSView+SubviewHelpers.m */; };
		D8C2AD221F3A571D002D75B2 /* OptionalRawValueInitializer.swift in Sources */ = {isa = PBXBuildFile; fileRef = D8C2AD211F3A571D002D75B2 /* OptionalRawValueInitializer.swift */; };
		D8C2AD241F3A5FFA002D75B2 /* ValidatingCustomToolbarItem.swift in Sources */ = {isa = PBXBuildFile; fileRef = D8C2AD231F3A5FFA002D75B2 /* ValidatingCustomToolbarItem.swift */; };
		D8C2AD261F3A650D002D75B2 /* KanbanVM.swift in Sources */ = {isa = PBXBuildFile; fileRef = D8C2AD251F3A650D002D75B2 /* KanbanVM.swift */; };
		D8C2AD291F3A7EBC002D75B2 /* KanbanTaskStateItem.swift in Sources */ = {isa = PBXBuildFile; fileRef = D8C2AD271F3A7EBC002D75B2 /* KanbanTaskStateItem.swift */; };
		D8C2AD2A1F3A7EBC002D75B2 /* KanbanTaskStateItem.xib in Resources */ = {isa = PBXBuildFile; fileRef = D8C2AD281F3A7EBC002D75B2 /* KanbanTaskStateItem.xib */; };
		D8C2AD2C1F3BA249002D75B2 /* ManagedObjectType.swift in Sources */ = {isa = PBXBuildFile; fileRef = D8C2AD2B1F3BA249002D75B2 /* ManagedObjectType.swift */; };
		D8C2AD321F3BA78B002D75B2 /* .gitignore in Resources */ = {isa = PBXBuildFile; fileRef = D8C2AD2E1F3BA78B002D75B2 /* .gitignore */; };
		D8C2AD341F3BA78B002D75B2 /* NSManagedObjectModel+KCOrderedAccessorFix.m in Sources */ = {isa = PBXBuildFile; fileRef = D8C2AD301F3BA78B002D75B2 /* NSManagedObjectModel+KCOrderedAccessorFix.m */; };
		D8C2AD381F3BABE6002D75B2 /* KanbanCollectionLayout.swift in Sources */ = {isa = PBXBuildFile; fileRef = D8C2AD371F3BABE6002D75B2 /* KanbanCollectionLayout.swift */; };
		D8C2AD3A1F3BB753002D75B2 /* KanbanTaskStateItemVM.swift in Sources */ = {isa = PBXBuildFile; fileRef = D8C2AD391F3BB753002D75B2 /* KanbanTaskStateItemVM.swift */; };
		D8C2AD3D1F3BD284002D75B2 /* FirstResponderView.swift in Sources */ = {isa = PBXBuildFile; fileRef = D8C2AD3C1F3BD284002D75B2 /* FirstResponderView.swift */; };
		D8F7B4711F423C4E00060F08 /* DeleteTaskStateConfirmationDialog.swift in Sources */ = {isa = PBXBuildFile; fileRef = D8F7B46F1F423C4E00060F08 /* DeleteTaskStateConfirmationDialog.swift */; };
		D8F7B4721F423C4E00060F08 /* DeleteTaskStateConfirmationDialog.xib in Resources */ = {isa = PBXBuildFile; fileRef = D8F7B4701F423C4E00060F08 /* DeleteTaskStateConfirmationDialog.xib */; };
		D8F7B4741F423C7000060F08 /* DeleteTaskStateConfirmationVM.swift in Sources */ = {isa = PBXBuildFile; fileRef = D8F7B4731F423C7000060F08 /* DeleteTaskStateConfirmationVM.swift */; };
		D8F7B4761F4364B200060F08 /* NestedScrollView.swift in Sources */ = {isa = PBXBuildFile; fileRef = D8F7B4751F4364B200060F08 /* NestedScrollView.swift */; };
		D8F7B47B1F44E65900060F08 /* SubtasksVM.swift in Sources */ = {isa = PBXBuildFile; fileRef = D8F7B47A1F44E65900060F08 /* SubtasksVM.swift */; };
		D8F7B47E1F44EE2800060F08 /* SubtasksVC.swift in Sources */ = {isa = PBXBuildFile; fileRef = D8F7B47C1F44EE2800060F08 /* SubtasksVC.swift */; };
		D8F7B47F1F44EE2800060F08 /* SubtasksVC.xib in Resources */ = {isa = PBXBuildFile; fileRef = D8F7B47D1F44EE2800060F08 /* SubtasksVC.xib */; };
		D8F7B4821F44F03C00060F08 /* SubtaskCell.swift in Sources */ = {isa = PBXBuildFile; fileRef = D8F7B4811F44F03C00060F08 /* SubtaskCell.swift */; };
		D8F7B4841F45D16900060F08 /* SubtaskVM.swift in Sources */ = {isa = PBXBuildFile; fileRef = D8F7B4831F45D16900060F08 /* SubtaskVM.swift */; };
		D8FC65131F48C2420065D566 /* LabelEditingItem.swift in Sources */ = {isa = PBXBuildFile; fileRef = D8FC65121F48C2420065D566 /* LabelEditingItem.swift */; };
		D8FC65151F48C2670065D566 /* LabelEditingItem.xib in Resources */ = {isa = PBXBuildFile; fileRef = D8FC65141F48C2670065D566 /* LabelEditingItem.xib */; };
		D8FC65171F48C2FA0065D566 /* LabelEditingItemVM.swift in Sources */ = {isa = PBXBuildFile; fileRef = D8FC65161F48C2FA0065D566 /* LabelEditingItemVM.swift */; };
/* End PBXBuildFile section */

/* Begin PBXContainerItemProxy section */
		D8388E531F37905B004A2DA3 /* PBXContainerItemProxy */ = {
			isa = PBXContainerItemProxy;
			containerPortal = D8388E341F37905B004A2DA3 /* Project object */;
			proxyType = 1;
			remoteGlobalIDString = D8388E3B1F37905B004A2DA3;
			remoteInfo = Fruok;
		};
		D8388E5E1F37905B004A2DA3 /* PBXContainerItemProxy */ = {
			isa = PBXContainerItemProxy;
			containerPortal = D8388E341F37905B004A2DA3 /* Project object */;
			proxyType = 1;
			remoteGlobalIDString = D8388E3B1F37905B004A2DA3;
			remoteInfo = Fruok;
		};
/* End PBXContainerItemProxy section */

/* Begin PBXFileReference section */
		257C710E74A9AEF82CAAF9EC /* Pods-FruokUITests.debug.xcconfig */ = {isa = PBXFileReference; includeInIndex = 1; lastKnownFileType = text.xcconfig; name = "Pods-FruokUITests.debug.xcconfig"; path = "Pods/Target Support Files/Pods-FruokUITests/Pods-FruokUITests.debug.xcconfig"; sourceTree = "<group>"; };
		35F75909185B30AAE0ED14CB /* Pods_FruokUITests.framework */ = {isa = PBXFileReference; explicitFileType = wrapper.framework; includeInIndex = 0; path = Pods_FruokUITests.framework; sourceTree = BUILT_PRODUCTS_DIR; };
		3F4F892E3EC3444EAE5707A1 /* Pods_Fruok.framework */ = {isa = PBXFileReference; explicitFileType = wrapper.framework; includeInIndex = 0; path = Pods_Fruok.framework; sourceTree = BUILT_PRODUCTS_DIR; };
		4C21E51D276DD940FC54F8EF /* Pods-Fruok.release.xcconfig */ = {isa = PBXFileReference; includeInIndex = 1; lastKnownFileType = text.xcconfig; name = "Pods-Fruok.release.xcconfig"; path = "Pods/Target Support Files/Pods-Fruok/Pods-Fruok.release.xcconfig"; sourceTree = "<group>"; };
		5C53158C7E7326DE87354803 /* Pods-FruokTests.debug.xcconfig */ = {isa = PBXFileReference; includeInIndex = 1; lastKnownFileType = text.xcconfig; name = "Pods-FruokTests.debug.xcconfig"; path = "Pods/Target Support Files/Pods-FruokTests/Pods-FruokTests.debug.xcconfig"; sourceTree = "<group>"; };
		6679486F929405FF3487ADB0 /* Pods-FruokTests.release.xcconfig */ = {isa = PBXFileReference; includeInIndex = 1; lastKnownFileType = text.xcconfig; name = "Pods-FruokTests.release.xcconfig"; path = "Pods/Target Support Files/Pods-FruokTests/Pods-FruokTests.release.xcconfig"; sourceTree = "<group>"; };
		6C62FC992BCF259AA9BEB170 /* Pods-FruokUITests.release.xcconfig */ = {isa = PBXFileReference; includeInIndex = 1; lastKnownFileType = text.xcconfig; name = "Pods-FruokUITests.release.xcconfig"; path = "Pods/Target Support Files/Pods-FruokUITests/Pods-FruokUITests.release.xcconfig"; sourceTree = "<group>"; };
		9FB1C67FA28B9D791E06D7D5 /* Pods_FruokTests.framework */ = {isa = PBXFileReference; explicitFileType = wrapper.framework; includeInIndex = 0; path = Pods_FruokTests.framework; sourceTree = BUILT_PRODUCTS_DIR; };
		D2C4E5796C10D7F492F44FA3 /* Pods-Fruok.debug.xcconfig */ = {isa = PBXFileReference; includeInIndex = 1; lastKnownFileType = text.xcconfig; name = "Pods-Fruok.debug.xcconfig"; path = "Pods/Target Support Files/Pods-Fruok/Pods-Fruok.debug.xcconfig"; sourceTree = "<group>"; };
		D82E214B1F3BEC8000F601DD /* DocumentWindowController.swift */ = {isa = PBXFileReference; fileEncoding = 4; lastKnownFileType = sourcecode.swift; path = DocumentWindowController.swift; sourceTree = "<group>"; };
		D82E21521F3C540100F601DD /* TasksCollectionVC.swift */ = {isa = PBXFileReference; fileEncoding = 4; lastKnownFileType = sourcecode.swift; path = TasksCollectionVC.swift; sourceTree = "<group>"; };
		D82E21541F3C541800F601DD /* TasksCollectionVM.swift */ = {isa = PBXFileReference; fileEncoding = 4; lastKnownFileType = sourcecode.swift; path = TasksCollectionVM.swift; sourceTree = "<group>"; };
		D82E21561F3C577500F601DD /* TasksCollectionView.storyboard */ = {isa = PBXFileReference; fileEncoding = 4; lastKnownFileType = file.storyboard; path = TasksCollectionView.storyboard; sourceTree = "<group>"; };
		D82E21591F3C587D00F601DD /* KanbanTaskItem.swift */ = {isa = PBXFileReference; fileEncoding = 4; lastKnownFileType = sourcecode.swift; path = KanbanTaskItem.swift; sourceTree = "<group>"; };
		D82E215A1F3C587D00F601DD /* KanbanTaskItem.xib */ = {isa = PBXFileReference; fileEncoding = 4; lastKnownFileType = file.xib; path = KanbanTaskItem.xib; sourceTree = "<group>"; };
		D82E215D1F3C59BE00F601DD /* KanbanTaskItemVM.swift */ = {isa = PBXFileReference; fileEncoding = 4; lastKnownFileType = sourcecode.swift; path = KanbanTaskItemVM.swift; sourceTree = "<group>"; };
		D82E215F1F3C5CE400F601DD /* BaseTask+CoreDataProperties.swift */ = {isa = PBXFileReference; fileEncoding = 4; lastKnownFileType = sourcecode.swift; path = "BaseTask+CoreDataProperties.swift"; sourceTree = "<group>"; };
		D82E21601F3C5CE400F601DD /* Label+CoreDataProperties.swift */ = {isa = PBXFileReference; fileEncoding = 4; lastKnownFileType = sourcecode.swift; path = "Label+CoreDataProperties.swift"; sourceTree = "<group>"; };
		D82E21611F3C5CE400F601DD /* LabelColor+CoreDataProperties.swift */ = {isa = PBXFileReference; fileEncoding = 4; lastKnownFileType = sourcecode.swift; path = "LabelColor+CoreDataProperties.swift"; sourceTree = "<group>"; };
		D82E21621F3C5CE400F601DD /* Project+CoreDataProperties.swift */ = {isa = PBXFileReference; fileEncoding = 4; lastKnownFileType = sourcecode.swift; path = "Project+CoreDataProperties.swift"; sourceTree = "<group>"; };
		D82E21631F3C5CE400F601DD /* RGBAColor+CoreDataProperties.swift */ = {isa = PBXFileReference; fileEncoding = 4; lastKnownFileType = sourcecode.swift; path = "RGBAColor+CoreDataProperties.swift"; sourceTree = "<group>"; };
		D82E21641F3C5CE400F601DD /* Subtask+CoreDataProperties.swift */ = {isa = PBXFileReference; fileEncoding = 4; lastKnownFileType = sourcecode.swift; path = "Subtask+CoreDataProperties.swift"; sourceTree = "<group>"; };
		D82E21651F3C5CE400F601DD /* Task+CoreDataProperties.swift */ = {isa = PBXFileReference; fileEncoding = 4; lastKnownFileType = sourcecode.swift; path = "Task+CoreDataProperties.swift"; sourceTree = "<group>"; };
		D82E21661F3C5CE400F601DD /* TaskState+CoreDataProperties.swift */ = {isa = PBXFileReference; fileEncoding = 4; lastKnownFileType = sourcecode.swift; path = "TaskState+CoreDataProperties.swift"; sourceTree = "<group>"; };
		D82E216F1F3C616000F601DD /* TasksCollectionLayout.swift */ = {isa = PBXFileReference; fileEncoding = 4; lastKnownFileType = sourcecode.swift; path = TasksCollectionLayout.swift; sourceTree = "<group>"; };
		D82E21721F3CFFFD00F601DD /* TaskDetailVC.swift */ = {isa = PBXFileReference; fileEncoding = 4; lastKnownFileType = sourcecode.swift; path = TaskDetailVC.swift; sourceTree = "<group>"; };
		D82E21731F3CFFFD00F601DD /* TaskDetailVC.xib */ = {isa = PBXFileReference; fileEncoding = 4; lastKnownFileType = file.xib; path = TaskDetailVC.xib; sourceTree = "<group>"; };
		D82E21761F3D02E900F601DD /* TaskDetailVM.swift */ = {isa = PBXFileReference; fileEncoding = 4; lastKnownFileType = sourcecode.swift; path = TaskDetailVM.swift; sourceTree = "<group>"; };
		D82E21781F3E6C5300F601DD /* UTI.swift */ = {isa = PBXFileReference; fileEncoding = 4; lastKnownFileType = sourcecode.swift; path = UTI.swift; sourceTree = "<group>"; };
		D82E217A1F3F822000F601DD /* NSManagedObjectContext+URI.swift */ = {isa = PBXFileReference; fileEncoding = 4; lastKnownFileType = sourcecode.swift; path = "NSManagedObjectContext+URI.swift"; sourceTree = "<group>"; };
		D82E217C1F40B57F00F601DD /* CollectionDelegateDragAndDrop.swift */ = {isa = PBXFileReference; fileEncoding = 4; lastKnownFileType = sourcecode.swift; path = CollectionDelegateDragAndDrop.swift; sourceTree = "<group>"; };
		D82E217E1F40F2F700F601DD /* CollectionViewModel.swift */ = {isa = PBXFileReference; fileEncoding = 4; lastKnownFileType = sourcecode.swift; path = CollectionViewModel.swift; sourceTree = "<group>"; };
		D82E21801F40FAAD00F601DD /* CollectionViewModelClientView.swift */ = {isa = PBXFileReference; fileEncoding = 4; lastKnownFileType = sourcecode.swift; path = CollectionViewModelClientView.swift; sourceTree = "<group>"; };
		D82E21821F4111BC00F601DD /* OneDimensionalFittingCollectionViewLayout.swift */ = {isa = PBXFileReference; fileEncoding = 4; lastKnownFileType = sourcecode.swift; path = OneDimensionalFittingCollectionViewLayout.swift; sourceTree = "<group>"; };
		D82ECF161F37985D008251C2 /* Document.xcdatamodel */ = {isa = PBXFileReference; lastKnownFileType = wrapper.xcdatamodel; path = Document.xcdatamodel; sourceTree = "<group>"; };
		D82ECF181F37985D008251C2 /* BaseTask+CoreDataClass.swift */ = {isa = PBXFileReference; fileEncoding = 4; lastKnownFileType = sourcecode.swift; path = "BaseTask+CoreDataClass.swift"; sourceTree = "<group>"; };
		D82ECF1A1F37985D008251C2 /* Label+CoreDataClass.swift */ = {isa = PBXFileReference; fileEncoding = 4; lastKnownFileType = sourcecode.swift; path = "Label+CoreDataClass.swift"; sourceTree = "<group>"; };
		D82ECF1C1F37985D008251C2 /* LabelColor+CoreDataClass.swift */ = {isa = PBXFileReference; fileEncoding = 4; lastKnownFileType = sourcecode.swift; path = "LabelColor+CoreDataClass.swift"; sourceTree = "<group>"; };
		D82ECF1E1F37985D008251C2 /* Project+CoreDataClass.swift */ = {isa = PBXFileReference; fileEncoding = 4; lastKnownFileType = sourcecode.swift; path = "Project+CoreDataClass.swift"; sourceTree = "<group>"; };
		D82ECF201F37985D008251C2 /* RGBAColor+CoreDataClass.swift */ = {isa = PBXFileReference; fileEncoding = 4; lastKnownFileType = sourcecode.swift; path = "RGBAColor+CoreDataClass.swift"; sourceTree = "<group>"; };
		D82ECF221F37985D008251C2 /* Subtask+CoreDataClass.swift */ = {isa = PBXFileReference; fileEncoding = 4; lastKnownFileType = sourcecode.swift; path = "Subtask+CoreDataClass.swift"; sourceTree = "<group>"; };
		D82ECF241F37985D008251C2 /* Task+CoreDataClass.swift */ = {isa = PBXFileReference; fileEncoding = 4; lastKnownFileType = sourcecode.swift; path = "Task+CoreDataClass.swift"; sourceTree = "<group>"; };
		D82ECF261F37985D008251C2 /* TaskState+CoreDataClass.swift */ = {isa = PBXFileReference; fileEncoding = 4; lastKnownFileType = sourcecode.swift; path = "TaskState+CoreDataClass.swift"; sourceTree = "<group>"; };
		D8339DE41F46FA9700EA5617 /* LabelsVC.swift */ = {isa = PBXFileReference; fileEncoding = 4; lastKnownFileType = sourcecode.swift; path = LabelsVC.swift; sourceTree = "<group>"; };
		D8339DE51F46FA9700EA5617 /* LabelsVC.xib */ = {isa = PBXFileReference; fileEncoding = 4; lastKnownFileType = file.xib; path = LabelsVC.xib; sourceTree = "<group>"; };
		D8339DE81F46FB0500EA5617 /* LabelsVM.swift */ = {isa = PBXFileReference; fileEncoding = 4; lastKnownFileType = sourcecode.swift; path = LabelsVM.swift; sourceTree = "<group>"; };
		D8339DEC1F47111300EA5617 /* LabelItemVM.swift */ = {isa = PBXFileReference; fileEncoding = 4; lastKnownFileType = sourcecode.swift; path = LabelItemVM.swift; sourceTree = "<group>"; };
		D8339DEE1F4711E000EA5617 /* LabelItem.xib */ = {isa = PBXFileReference; fileEncoding = 4; lastKnownFileType = file.xib; path = LabelItem.xib; sourceTree = "<group>"; };
		D8339DF01F47127800EA5617 /* LabelItem.swift */ = {isa = PBXFileReference; fileEncoding = 4; lastKnownFileType = sourcecode.swift; path = LabelItem.swift; sourceTree = "<group>"; };
		D8339DF21F477FE400EA5617 /* LabelsCollectionLayout.swift */ = {isa = PBXFileReference; fileEncoding = 4; lastKnownFileType = sourcecode.swift; path = LabelsCollectionLayout.swift; sourceTree = "<group>"; };
		D8388E3C1F37905B004A2DA3 /* Fruok.app */ = {isa = PBXFileReference; explicitFileType = wrapper.application; includeInIndex = 0; path = Fruok.app; sourceTree = BUILT_PRODUCTS_DIR; };
		D8388E3F1F37905B004A2DA3 /* AppDelegate.swift */ = {isa = PBXFileReference; lastKnownFileType = sourcecode.swift; path = AppDelegate.swift; sourceTree = "<group>"; };
		D8388E411F37905B004A2DA3 /* DocumentContentVC.swift */ = {isa = PBXFileReference; lastKnownFileType = sourcecode.swift; path = DocumentContentVC.swift; sourceTree = "<group>"; };
		D8388E431F37905B004A2DA3 /* FruokDocument.swift */ = {isa = PBXFileReference; lastKnownFileType = sourcecode.swift; path = FruokDocument.swift; sourceTree = "<group>"; };
		D8388E481F37905B004A2DA3 /* Assets.xcassets */ = {isa = PBXFileReference; lastKnownFileType = folder.assetcatalog; path = Assets.xcassets; sourceTree = "<group>"; };
		D8388E4B1F37905B004A2DA3 /* Base */ = {isa = PBXFileReference; lastKnownFileType = file.storyboard; name = Base; path = Base.lproj/Main.storyboard; sourceTree = "<group>"; };
		D8388E4D1F37905B004A2DA3 /* Info.plist */ = {isa = PBXFileReference; lastKnownFileType = text.plist.xml; path = Info.plist; sourceTree = "<group>"; };
		D8388E521F37905B004A2DA3 /* FruokTests.xctest */ = {isa = PBXFileReference; explicitFileType = wrapper.cfbundle; includeInIndex = 0; path = FruokTests.xctest; sourceTree = BUILT_PRODUCTS_DIR; };
		D8388E561F37905B004A2DA3 /* FruokTests.swift */ = {isa = PBXFileReference; lastKnownFileType = sourcecode.swift; path = FruokTests.swift; sourceTree = "<group>"; };
		D8388E581F37905B004A2DA3 /* Info.plist */ = {isa = PBXFileReference; lastKnownFileType = text.plist.xml; path = Info.plist; sourceTree = "<group>"; };
		D8388E5D1F37905B004A2DA3 /* FruokUITests.xctest */ = {isa = PBXFileReference; explicitFileType = wrapper.cfbundle; includeInIndex = 0; path = FruokUITests.xctest; sourceTree = BUILT_PRODUCTS_DIR; };
		D8388E611F37905B004A2DA3 /* FruokUITests.swift */ = {isa = PBXFileReference; lastKnownFileType = sourcecode.swift; path = FruokUITests.swift; sourceTree = "<group>"; };
		D8388E631F37905B004A2DA3 /* Info.plist */ = {isa = PBXFileReference; lastKnownFileType = text.plist.xml; path = Info.plist; sourceTree = "<group>"; };
		D84E45B51F49BB3B00C7891F /* RGBAColorsMarshalling.swift */ = {isa = PBXFileReference; fileEncoding = 4; lastKnownFileType = sourcecode.swift; path = RGBAColorsMarshalling.swift; sourceTree = "<group>"; };
		D84E45B81F49BC4E00C7891F /* RGBAColorsMarshalling+CoreData.swift */ = {isa = PBXFileReference; fileEncoding = 4; lastKnownFileType = sourcecode.swift; path = "RGBAColorsMarshalling+CoreData.swift"; sourceTree = "<group>"; };
		D84E45BA1F49BD3200C7891F /* RGBAColorsMarshalling+NSColor.swift */ = {isa = PBXFileReference; fileEncoding = 4; lastKnownFileType = sourcecode.swift; path = "RGBAColorsMarshalling+NSColor.swift"; sourceTree = "<group>"; };
		D84E45BC1F4A15EE00C7891F /* LabelEditingColorWell.swift */ = {isa = PBXFileReference; fileEncoding = 4; lastKnownFileType = sourcecode.swift; path = LabelEditingColorWell.swift; sourceTree = "<group>"; };
		D8C2AD0C1F38FB97002D75B2 /* KanbanVC.swift */ = {isa = PBXFileReference; fileEncoding = 4; lastKnownFileType = sourcecode.swift; path = KanbanVC.swift; sourceTree = "<group>"; };
		D8C2AD0E1F39007E002D75B2 /* DocumentContentVM.swift */ = {isa = PBXFileReference; fileEncoding = 4; lastKnownFileType = sourcecode.swift; path = DocumentContentVM.swift; sourceTree = "<group>"; };
		D8C2AD101F390305002D75B2 /* KVVM.swift */ = {isa = PBXFileReference; fileEncoding = 4; lastKnownFileType = sourcecode.swift; path = KVVM.swift; sourceTree = "<group>"; };
		D8C2AD171F3A4CC7002D75B2 /* Fruok-Bridging-Header.h */ = {isa = PBXFileReference; lastKnownFileType = sourcecode.objj.h; name = "Fruok-Bridging-Header.h"; path = "../Thirdparty/Fruok-Bridging-Header.h"; sourceTree = "<group>"; };
		D8C2AD181F3A4CC7002D75B2 /* NSLayoutConstraint+utilities.h */ = {isa = PBXFileReference; fileEncoding = 4; lastKnownFileType = sourcecode.objj.h; path = "NSLayoutConstraint+utilities.h"; sourceTree = "<group>"; };
		D8C2AD191F3A4CC7002D75B2 /* NSLayoutConstraint+utilities.m */ = {isa = PBXFileReference; fileEncoding = 4; lastKnownFileType = sourcecode.c.objc; path = "NSLayoutConstraint+utilities.m"; sourceTree = "<group>"; };
		D8C2AD1C1F3A4E20002D75B2 /* NSView+SubviewHelpers.h */ = {isa = PBXFileReference; fileEncoding = 4; lastKnownFileType = sourcecode.objj.h; path = "NSView+SubviewHelpers.h"; sourceTree = "<group>"; };
		D8C2AD1D1F3A4E20002D75B2 /* NSView+SubviewHelpers.m */ = {isa = PBXFileReference; fileEncoding = 4; lastKnownFileType = sourcecode.c.objc; path = "NSView+SubviewHelpers.m"; sourceTree = "<group>"; };
		D8C2AD211F3A571D002D75B2 /* OptionalRawValueInitializer.swift */ = {isa = PBXFileReference; fileEncoding = 4; lastKnownFileType = sourcecode.swift; path = OptionalRawValueInitializer.swift; sourceTree = "<group>"; };
		D8C2AD231F3A5FFA002D75B2 /* ValidatingCustomToolbarItem.swift */ = {isa = PBXFileReference; fileEncoding = 4; lastKnownFileType = sourcecode.swift; path = ValidatingCustomToolbarItem.swift; sourceTree = "<group>"; };
		D8C2AD251F3A650D002D75B2 /* KanbanVM.swift */ = {isa = PBXFileReference; fileEncoding = 4; lastKnownFileType = sourcecode.swift; path = KanbanVM.swift; sourceTree = "<group>"; };
		D8C2AD271F3A7EBC002D75B2 /* KanbanTaskStateItem.swift */ = {isa = PBXFileReference; fileEncoding = 4; lastKnownFileType = sourcecode.swift; path = KanbanTaskStateItem.swift; sourceTree = "<group>"; };
		D8C2AD281F3A7EBC002D75B2 /* KanbanTaskStateItem.xib */ = {isa = PBXFileReference; fileEncoding = 4; lastKnownFileType = file.xib; path = KanbanTaskStateItem.xib; sourceTree = "<group>"; };
		D8C2AD2B1F3BA249002D75B2 /* ManagedObjectType.swift */ = {isa = PBXFileReference; fileEncoding = 4; lastKnownFileType = sourcecode.swift; path = ManagedObjectType.swift; sourceTree = "<group>"; };
		D8C2AD2E1F3BA78B002D75B2 /* .gitignore */ = {isa = PBXFileReference; fileEncoding = 4; lastKnownFileType = text; path = .gitignore; sourceTree = "<group>"; };
		D8C2AD2F1F3BA78B002D75B2 /* NSManagedObjectModel+KCOrderedAccessorFix.h */ = {isa = PBXFileReference; fileEncoding = 4; lastKnownFileType = sourcecode.objj.h; path = "NSManagedObjectModel+KCOrderedAccessorFix.h"; sourceTree = "<group>"; };
		D8C2AD301F3BA78B002D75B2 /* NSManagedObjectModel+KCOrderedAccessorFix.m */ = {isa = PBXFileReference; fileEncoding = 4; lastKnownFileType = sourcecode.c.objc; path = "NSManagedObjectModel+KCOrderedAccessorFix.m"; sourceTree = "<group>"; };
		D8C2AD311F3BA78B002D75B2 /* README.md */ = {isa = PBXFileReference; fileEncoding = 4; lastKnownFileType = net.daringfireball.markdown; path = README.md; sourceTree = "<group>"; };
		D8C2AD371F3BABE6002D75B2 /* KanbanCollectionLayout.swift */ = {isa = PBXFileReference; fileEncoding = 4; lastKnownFileType = sourcecode.swift; path = KanbanCollectionLayout.swift; sourceTree = "<group>"; };
		D8C2AD391F3BB753002D75B2 /* KanbanTaskStateItemVM.swift */ = {isa = PBXFileReference; fileEncoding = 4; lastKnownFileType = sourcecode.swift; path = KanbanTaskStateItemVM.swift; sourceTree = "<group>"; };
		D8C2AD3C1F3BD284002D75B2 /* FirstResponderView.swift */ = {isa = PBXFileReference; fileEncoding = 4; lastKnownFileType = sourcecode.swift; path = FirstResponderView.swift; sourceTree = "<group>"; };
		D8F7B46F1F423C4E00060F08 /* DeleteTaskStateConfirmationDialog.swift */ = {isa = PBXFileReference; fileEncoding = 4; lastKnownFileType = sourcecode.swift; path = DeleteTaskStateConfirmationDialog.swift; sourceTree = "<group>"; };
		D8F7B4701F423C4E00060F08 /* DeleteTaskStateConfirmationDialog.xib */ = {isa = PBXFileReference; fileEncoding = 4; lastKnownFileType = file.xib; path = DeleteTaskStateConfirmationDialog.xib; sourceTree = "<group>"; };
		D8F7B4731F423C7000060F08 /* DeleteTaskStateConfirmationVM.swift */ = {isa = PBXFileReference; fileEncoding = 4; lastKnownFileType = sourcecode.swift; path = DeleteTaskStateConfirmationVM.swift; sourceTree = "<group>"; };
		D8F7B4751F4364B200060F08 /* NestedScrollView.swift */ = {isa = PBXFileReference; fileEncoding = 4; lastKnownFileType = sourcecode.swift; path = NestedScrollView.swift; sourceTree = "<group>"; };
		D8F7B47A1F44E65900060F08 /* SubtasksVM.swift */ = {isa = PBXFileReference; fileEncoding = 4; lastKnownFileType = sourcecode.swift; path = SubtasksVM.swift; sourceTree = "<group>"; };
		D8F7B47C1F44EE2800060F08 /* SubtasksVC.swift */ = {isa = PBXFileReference; fileEncoding = 4; lastKnownFileType = sourcecode.swift; path = SubtasksVC.swift; sourceTree = "<group>"; };
		D8F7B47D1F44EE2800060F08 /* SubtasksVC.xib */ = {isa = PBXFileReference; fileEncoding = 4; lastKnownFileType = file.xib; path = SubtasksVC.xib; sourceTree = "<group>"; };
		D8F7B4811F44F03C00060F08 /* SubtaskCell.swift */ = {isa = PBXFileReference; fileEncoding = 4; lastKnownFileType = sourcecode.swift; path = SubtaskCell.swift; sourceTree = "<group>"; };
		D8F7B4831F45D16900060F08 /* SubtaskVM.swift */ = {isa = PBXFileReference; fileEncoding = 4; lastKnownFileType = sourcecode.swift; path = SubtaskVM.swift; sourceTree = "<group>"; };
		D8FC65121F48C2420065D566 /* LabelEditingItem.swift */ = {isa = PBXFileReference; fileEncoding = 4; lastKnownFileType = sourcecode.swift; path = LabelEditingItem.swift; sourceTree = "<group>"; };
		D8FC65141F48C2670065D566 /* LabelEditingItem.xib */ = {isa = PBXFileReference; fileEncoding = 4; lastKnownFileType = file.xib; path = LabelEditingItem.xib; sourceTree = "<group>"; };
		D8FC65161F48C2FA0065D566 /* LabelEditingItemVM.swift */ = {isa = PBXFileReference; fileEncoding = 4; lastKnownFileType = sourcecode.swift; path = LabelEditingItemVM.swift; sourceTree = "<group>"; };
/* End PBXFileReference section */

/* Begin PBXFrameworksBuildPhase section */
		D8388E391F37905B004A2DA3 /* Frameworks */ = {
			isa = PBXFrameworksBuildPhase;
			buildActionMask = 2147483647;
			files = (
				C510E1B01BE92F1C0CD199E6 /* Pods_Fruok.framework in Frameworks */,
			);
			runOnlyForDeploymentPostprocessing = 0;
		};
		D8388E4F1F37905B004A2DA3 /* Frameworks */ = {
			isa = PBXFrameworksBuildPhase;
			buildActionMask = 2147483647;
			files = (
				52F2D2AB02B9F0489EF794AE /* Pods_FruokTests.framework in Frameworks */,
			);
			runOnlyForDeploymentPostprocessing = 0;
		};
		D8388E5A1F37905B004A2DA3 /* Frameworks */ = {
			isa = PBXFrameworksBuildPhase;
			buildActionMask = 2147483647;
			files = (
				271EAC0BF16FE40B996281AF /* Pods_FruokUITests.framework in Frameworks */,
			);
			runOnlyForDeploymentPostprocessing = 0;
		};
/* End PBXFrameworksBuildPhase section */

/* Begin PBXGroup section */
		3FC66957A157B6FFAA99A2F6 /* Pods */ = {
			isa = PBXGroup;
			children = (
				D2C4E5796C10D7F492F44FA3 /* Pods-Fruok.debug.xcconfig */,
				4C21E51D276DD940FC54F8EF /* Pods-Fruok.release.xcconfig */,
				5C53158C7E7326DE87354803 /* Pods-FruokTests.debug.xcconfig */,
				6679486F929405FF3487ADB0 /* Pods-FruokTests.release.xcconfig */,
				257C710E74A9AEF82CAAF9EC /* Pods-FruokUITests.debug.xcconfig */,
				6C62FC992BCF259AA9BEB170 /* Pods-FruokUITests.release.xcconfig */,
			);
			name = Pods;
			sourceTree = "<group>";
		};
		8525AC8F2E56C4546882ADA7 /* Frameworks */ = {
			isa = PBXGroup;
			children = (
				3F4F892E3EC3444EAE5707A1 /* Pods_Fruok.framework */,
				9FB1C67FA28B9D791E06D7D5 /* Pods_FruokTests.framework */,
				35F75909185B30AAE0ED14CB /* Pods_FruokUITests.framework */,
			);
			name = Frameworks;
			sourceTree = "<group>";
		};
		D82E214A1F3BEC5D00F601DD /* DocumentWindow */ = {
			isa = PBXGroup;
			children = (
				D82E214B1F3BEC8000F601DD /* DocumentWindowController.swift */,
			);
			name = DocumentWindow;
			sourceTree = "<group>";
		};
		D82E21511F3C53C200F601DD /* TaskCollectionView */ = {
			isa = PBXGroup;
			children = (
				D82E216F1F3C616000F601DD /* TasksCollectionLayout.swift */,
				D82E21521F3C540100F601DD /* TasksCollectionVC.swift */,
				D82E21541F3C541800F601DD /* TasksCollectionVM.swift */,
				D82E21561F3C577500F601DD /* TasksCollectionView.storyboard */,
			);
			name = TaskCollectionView;
			sourceTree = "<group>";
		};
		D82E21581F3C584B00F601DD /* KanbanTaskItem */ = {
			isa = PBXGroup;
			children = (
				D82E21591F3C587D00F601DD /* KanbanTaskItem.swift */,
				D82E215D1F3C59BE00F601DD /* KanbanTaskItemVM.swift */,
				D82E215A1F3C587D00F601DD /* KanbanTaskItem.xib */,
			);
			name = KanbanTaskItem;
			sourceTree = "<group>";
		};
		D82E21711F3CFF9400F601DD /* TaskDetail */ = {
			isa = PBXGroup;
			children = (
				D82E21721F3CFFFD00F601DD /* TaskDetailVC.swift */,
				D82E21761F3D02E900F601DD /* TaskDetailVM.swift */,
				D82E21731F3CFFFD00F601DD /* TaskDetailVC.xib */,
			);
			name = TaskDetail;
			sourceTree = "<group>";
		};
		D82ECF141F37985D008251C2 /* CoreData */ = {
			isa = PBXGroup;
			children = (
				D82ECF151F37985D008251C2 /* Document.xcdatamodeld */,
				D82ECF391F37AC96008251C2 /* Classes */,
				D82ECF171F37985D008251C2 /* GeneratedClasses */,
			);
			path = CoreData;
			sourceTree = "<group>";
		};
		D82ECF171F37985D008251C2 /* GeneratedClasses */ = {
			isa = PBXGroup;
			children = (
				D82E215F1F3C5CE400F601DD /* BaseTask+CoreDataProperties.swift */,
				D82E21601F3C5CE400F601DD /* Label+CoreDataProperties.swift */,
				D82E21611F3C5CE400F601DD /* LabelColor+CoreDataProperties.swift */,
				D82E21621F3C5CE400F601DD /* Project+CoreDataProperties.swift */,
				D82E21631F3C5CE400F601DD /* RGBAColor+CoreDataProperties.swift */,
				D82E21641F3C5CE400F601DD /* Subtask+CoreDataProperties.swift */,
				D82E21651F3C5CE400F601DD /* Task+CoreDataProperties.swift */,
				D82E21661F3C5CE400F601DD /* TaskState+CoreDataProperties.swift */,
			);
			path = GeneratedClasses;
			sourceTree = "<group>";
		};
		D82ECF391F37AC96008251C2 /* Classes */ = {
			isa = PBXGroup;
			children = (
				D82ECF181F37985D008251C2 /* BaseTask+CoreDataClass.swift */,
				D82ECF1A1F37985D008251C2 /* Label+CoreDataClass.swift */,
				D82ECF1C1F37985D008251C2 /* LabelColor+CoreDataClass.swift */,
				D82ECF1E1F37985D008251C2 /* Project+CoreDataClass.swift */,
				D82ECF201F37985D008251C2 /* RGBAColor+CoreDataClass.swift */,
				D82ECF221F37985D008251C2 /* Subtask+CoreDataClass.swift */,
				D82ECF241F37985D008251C2 /* Task+CoreDataClass.swift */,
				D82ECF261F37985D008251C2 /* TaskState+CoreDataClass.swift */,
			);
			name = Classes;
			path = GeneratedClasses;
			sourceTree = "<group>";
		};
		D82ECF3A1F37AECE008251C2 /* DocumentContent */ = {
			isa = PBXGroup;
			children = (
				D8388E411F37905B004A2DA3 /* DocumentContentVC.swift */,
				D8C2AD0E1F39007E002D75B2 /* DocumentContentVM.swift */,
			);
			name = DocumentContent;
			sourceTree = "<group>";
		};
		D8339DE31F46FA4B00EA5617 /* Labels */ = {
			isa = PBXGroup;
			children = (
				D84E45B71F49BC3500C7891F /* Colors */,
				D8339DF21F477FE400EA5617 /* LabelsCollectionLayout.swift */,
				D8339DE41F46FA9700EA5617 /* LabelsVC.swift */,
				D8339DE81F46FB0500EA5617 /* LabelsVM.swift */,
				D8339DE51F46FA9700EA5617 /* LabelsVC.xib */,
				D8339DEB1F47110100EA5617 /* LabelItem */,
				D8FC65111F48C2080065D566 /* LabelEditingCell */,
			);
			name = Labels;
			sourceTree = "<group>";
		};
		D8339DEB1F47110100EA5617 /* LabelItem */ = {
			isa = PBXGroup;
			children = (
				D8339DF01F47127800EA5617 /* LabelItem.swift */,
				D8339DEC1F47111300EA5617 /* LabelItemVM.swift */,
				D8339DEE1F4711E000EA5617 /* LabelItem.xib */,
			);
			name = LabelItem;
			sourceTree = "<group>";
		};
		D8388E331F37905B004A2DA3 = {
			isa = PBXGroup;
			children = (
				D8C2AD121F3A4C87002D75B2 /* Thirdparty */,
				D8388E3E1F37905B004A2DA3 /* Fruok */,
				D8388E551F37905B004A2DA3 /* FruokTests */,
				D8388E601F37905B004A2DA3 /* FruokUITests */,
				D8388E3D1F37905B004A2DA3 /* Products */,
				3FC66957A157B6FFAA99A2F6 /* Pods */,
				8525AC8F2E56C4546882ADA7 /* Frameworks */,
			);
			sourceTree = "<group>";
		};
		D8388E3D1F37905B004A2DA3 /* Products */ = {
			isa = PBXGroup;
			children = (
				D8388E3C1F37905B004A2DA3 /* Fruok.app */,
				D8388E521F37905B004A2DA3 /* FruokTests.xctest */,
				D8388E5D1F37905B004A2DA3 /* FruokUITests.xctest */,
			);
			name = Products;
			sourceTree = "<group>";
		};
		D8388E3E1F37905B004A2DA3 /* Fruok */ = {
			isa = PBXGroup;
			children = (
				D8C2AD201F3A56DA002D75B2 /* Utilities */,
				D82ECF141F37985D008251C2 /* CoreData */,
				D8388E3F1F37905B004A2DA3 /* AppDelegate.swift */,
				D8C2AD051F38F530002D75B2 /* UI */,
				D8388E431F37905B004A2DA3 /* FruokDocument.swift */,
				D8C2AD101F390305002D75B2 /* KVVM.swift */,
				D8C2AD171F3A4CC7002D75B2 /* Fruok-Bridging-Header.h */,
				D8388E481F37905B004A2DA3 /* Assets.xcassets */,
				D8388E4A1F37905B004A2DA3 /* Main.storyboard */,
				D8388E4D1F37905B004A2DA3 /* Info.plist */,
			);
			path = Fruok;
			sourceTree = "<group>";
		};
		D8388E551F37905B004A2DA3 /* FruokTests */ = {
			isa = PBXGroup;
			children = (
				D8388E561F37905B004A2DA3 /* FruokTests.swift */,
				D8388E581F37905B004A2DA3 /* Info.plist */,
			);
			path = FruokTests;
			sourceTree = "<group>";
		};
		D8388E601F37905B004A2DA3 /* FruokUITests */ = {
			isa = PBXGroup;
			children = (
				D8388E611F37905B004A2DA3 /* FruokUITests.swift */,
				D8388E631F37905B004A2DA3 /* Info.plist */,
			);
			path = FruokUITests;
			sourceTree = "<group>";
		};
		D84E45B71F49BC3500C7891F /* Colors */ = {
			isa = PBXGroup;
			children = (
				D84E45B51F49BB3B00C7891F /* RGBAColorsMarshalling.swift */,
				D84E45B81F49BC4E00C7891F /* RGBAColorsMarshalling+CoreData.swift */,
				D84E45BA1F49BD3200C7891F /* RGBAColorsMarshalling+NSColor.swift */,
			);
			name = Colors;
			sourceTree = "<group>";
		};
		D8C2AD051F38F530002D75B2 /* UI */ = {
			isa = PBXGroup;
			children = (
				D8C2AD3B1F3BD271002D75B2 /* Shared */,
				D82E214A1F3BEC5D00F601DD /* DocumentWindow */,
				D82ECF3A1F37AECE008251C2 /* DocumentContent */,
				D8C2AD0B1F38FB70002D75B2 /* KanbanView */,
				D8C2AD361F3BAAE6002D75B2 /* KanbanTaskStateItem */,
				D82E21511F3C53C200F601DD /* TaskCollectionView */,
				D82E21581F3C584B00F601DD /* KanbanTaskItem */,
				D82E21711F3CFF9400F601DD /* TaskDetail */,
				D8F7B4791F44E63400060F08 /* Subtasks */,
				D8339DE31F46FA4B00EA5617 /* Labels */,
			);
			name = UI;
			sourceTree = "<group>";
		};
		D8C2AD0B1F38FB70002D75B2 /* KanbanView */ = {
			isa = PBXGroup;
			children = (
				D8C2AD371F3BABE6002D75B2 /* KanbanCollectionLayout.swift */,
				D8C2AD0C1F38FB97002D75B2 /* KanbanVC.swift */,
				D8C2AD251F3A650D002D75B2 /* KanbanVM.swift */,
				D8F7B46E1F423C2400060F08 /* DeleteTaskStateConfirmation */,
			);
			name = KanbanView;
			sourceTree = "<group>";
		};
		D8C2AD121F3A4C87002D75B2 /* Thirdparty */ = {
			isa = PBXGroup;
			children = (
				D8C2AD2D1F3BA78B002D75B2 /* KCOrderedAccessorFix */,
				D8C2AD2B1F3BA249002D75B2 /* ManagedObjectType.swift */,
				D8C2AD231F3A5FFA002D75B2 /* ValidatingCustomToolbarItem.swift */,
				D8C2AD181F3A4CC7002D75B2 /* NSLayoutConstraint+utilities.h */,
				D8C2AD191F3A4CC7002D75B2 /* NSLayoutConstraint+utilities.m */,
				D8C2AD1C1F3A4E20002D75B2 /* NSView+SubviewHelpers.h */,
				D8C2AD1D1F3A4E20002D75B2 /* NSView+SubviewHelpers.m */,
				D82E21781F3E6C5300F601DD /* UTI.swift */,
			);
			path = Thirdparty;
			sourceTree = "<group>";
		};
		D8C2AD201F3A56DA002D75B2 /* Utilities */ = {
			isa = PBXGroup;
			children = (
				D8C2AD211F3A571D002D75B2 /* OptionalRawValueInitializer.swift */,
				D82E217A1F3F822000F601DD /* NSManagedObjectContext+URI.swift */,
			);
			name = Utilities;
			sourceTree = "<group>";
		};
		D8C2AD2D1F3BA78B002D75B2 /* KCOrderedAccessorFix */ = {
			isa = PBXGroup;
			children = (
				D8C2AD2E1F3BA78B002D75B2 /* .gitignore */,
				D8C2AD2F1F3BA78B002D75B2 /* NSManagedObjectModel+KCOrderedAccessorFix.h */,
				D8C2AD301F3BA78B002D75B2 /* NSManagedObjectModel+KCOrderedAccessorFix.m */,
				D8C2AD311F3BA78B002D75B2 /* README.md */,
			);
			path = KCOrderedAccessorFix;
			sourceTree = "<group>";
		};
		D8C2AD361F3BAAE6002D75B2 /* KanbanTaskStateItem */ = {
			isa = PBXGroup;
			children = (
				D8C2AD271F3A7EBC002D75B2 /* KanbanTaskStateItem.swift */,
				D8C2AD391F3BB753002D75B2 /* KanbanTaskStateItemVM.swift */,
				D8C2AD281F3A7EBC002D75B2 /* KanbanTaskStateItem.xib */,
			);
			name = KanbanTaskStateItem;
			sourceTree = "<group>";
		};
		D8C2AD3B1F3BD271002D75B2 /* Shared */ = {
			isa = PBXGroup;
			children = (
				D8C2AD3C1F3BD284002D75B2 /* FirstResponderView.swift */,
				D8F7B4751F4364B200060F08 /* NestedScrollView.swift */,
				D82E217C1F40B57F00F601DD /* CollectionDelegateDragAndDrop.swift */,
				D82E21801F40FAAD00F601DD /* CollectionViewModelClientView.swift */,
				D82E217E1F40F2F700F601DD /* CollectionViewModel.swift */,
				D82E21821F4111BC00F601DD /* OneDimensionalFittingCollectionViewLayout.swift */,
			);
			name = Shared;
			sourceTree = "<group>";
		};
		D8F7B46E1F423C2400060F08 /* DeleteTaskStateConfirmation */ = {
			isa = PBXGroup;
			children = (
				D8F7B46F1F423C4E00060F08 /* DeleteTaskStateConfirmationDialog.swift */,
				D8F7B4731F423C7000060F08 /* DeleteTaskStateConfirmationVM.swift */,
				D8F7B4701F423C4E00060F08 /* DeleteTaskStateConfirmationDialog.xib */,
			);
			name = DeleteTaskStateConfirmation;
			sourceTree = "<group>";
		};
		D8F7B4791F44E63400060F08 /* Subtasks */ = {
			isa = PBXGroup;
			children = (
				D8F7B47C1F44EE2800060F08 /* SubtasksVC.swift */,
				D8F7B47A1F44E65900060F08 /* SubtasksVM.swift */,
				D8F7B4801F44F02200060F08 /* SubtaskCell */,
				D8F7B47D1F44EE2800060F08 /* SubtasksVC.xib */,
			);
			name = Subtasks;
			sourceTree = "<group>";
		};
		D8F7B4801F44F02200060F08 /* SubtaskCell */ = {
			isa = PBXGroup;
			children = (
				D8F7B4811F44F03C00060F08 /* SubtaskCell.swift */,
				D8F7B4831F45D16900060F08 /* SubtaskVM.swift */,
			);
			name = SubtaskCell;
			sourceTree = "<group>";
		};
		D8FC65111F48C2080065D566 /* LabelEditingCell */ = {
			isa = PBXGroup;
			children = (
				D84E45BC1F4A15EE00C7891F /* LabelEditingColorWell.swift */,
				D8FC65121F48C2420065D566 /* LabelEditingItem.swift */,
				D8FC65161F48C2FA0065D566 /* LabelEditingItemVM.swift */,
				D8FC65141F48C2670065D566 /* LabelEditingItem.xib */,
			);
			name = LabelEditingCell;
			sourceTree = "<group>";
		};
/* End PBXGroup section */

/* Begin PBXNativeTarget section */
		D8388E3B1F37905B004A2DA3 /* Fruok */ = {
			isa = PBXNativeTarget;
			buildConfigurationList = D8388E661F37905B004A2DA3 /* Build configuration list for PBXNativeTarget "Fruok" */;
			buildPhases = (
				ECD4A67BFAAB1B43812491F4 /* [CP] Check Pods Manifest.lock */,
				D8388E381F37905B004A2DA3 /* Sources */,
				D8388E391F37905B004A2DA3 /* Frameworks */,
				D8388E3A1F37905B004A2DA3 /* Resources */,
				45A5888D33F1861F66F5212D /* [CP] Embed Pods Frameworks */,
				C16311C2D055D4AB20025404 /* [CP] Copy Pods Resources */,
			);
			buildRules = (
			);
			dependencies = (
			);
			name = Fruok;
			productName = Fruok;
			productReference = D8388E3C1F37905B004A2DA3 /* Fruok.app */;
			productType = "com.apple.product-type.application";
		};
		D8388E511F37905B004A2DA3 /* FruokTests */ = {
			isa = PBXNativeTarget;
			buildConfigurationList = D8388E691F37905B004A2DA3 /* Build configuration list for PBXNativeTarget "FruokTests" */;
			buildPhases = (
				385E3B1107A1D90FC2DCF00D /* [CP] Check Pods Manifest.lock */,
				D8388E4E1F37905B004A2DA3 /* Sources */,
				D8388E4F1F37905B004A2DA3 /* Frameworks */,
				D8388E501F37905B004A2DA3 /* Resources */,
				BCE798319B3EBB41CFDA7120 /* [CP] Embed Pods Frameworks */,
				9EB581AE88240798D581AE8B /* [CP] Copy Pods Resources */,
			);
			buildRules = (
			);
			dependencies = (
				D8388E541F37905B004A2DA3 /* PBXTargetDependency */,
			);
			name = FruokTests;
			productName = FruokTests;
			productReference = D8388E521F37905B004A2DA3 /* FruokTests.xctest */;
			productType = "com.apple.product-type.bundle.unit-test";
		};
		D8388E5C1F37905B004A2DA3 /* FruokUITests */ = {
			isa = PBXNativeTarget;
			buildConfigurationList = D8388E6C1F37905B004A2DA3 /* Build configuration list for PBXNativeTarget "FruokUITests" */;
			buildPhases = (
				EA172058D18D0AF5844C3E85 /* [CP] Check Pods Manifest.lock */,
				D8388E591F37905B004A2DA3 /* Sources */,
				D8388E5A1F37905B004A2DA3 /* Frameworks */,
				D8388E5B1F37905B004A2DA3 /* Resources */,
				374A407C80283E1D99994784 /* [CP] Embed Pods Frameworks */,
				4D212D4BDEF03439192CE635 /* [CP] Copy Pods Resources */,
			);
			buildRules = (
			);
			dependencies = (
				D8388E5F1F37905B004A2DA3 /* PBXTargetDependency */,
			);
			name = FruokUITests;
			productName = FruokUITests;
			productReference = D8388E5D1F37905B004A2DA3 /* FruokUITests.xctest */;
			productType = "com.apple.product-type.bundle.ui-testing";
		};
/* End PBXNativeTarget section */

/* Begin PBXProject section */
		D8388E341F37905B004A2DA3 /* Project object */ = {
			isa = PBXProject;
			attributes = {
				LastSwiftUpdateCheck = 0820;
				LastUpgradeCheck = 0820;
				ORGANIZATIONNAME = "Tristan Inc.";
				TargetAttributes = {
					D8388E3B1F37905B004A2DA3 = {
						CreatedOnToolsVersion = 8.2.1;
						DevelopmentTeam = V85GBYB7B9;
						LastSwiftMigration = 0820;
						ProvisioningStyle = Automatic;
					};
					D8388E511F37905B004A2DA3 = {
						CreatedOnToolsVersion = 8.2.1;
						DevelopmentTeam = V85GBYB7B9;
						ProvisioningStyle = Automatic;
						TestTargetID = D8388E3B1F37905B004A2DA3;
					};
					D8388E5C1F37905B004A2DA3 = {
						CreatedOnToolsVersion = 8.2.1;
						DevelopmentTeam = V85GBYB7B9;
						ProvisioningStyle = Automatic;
						TestTargetID = D8388E3B1F37905B004A2DA3;
					};
				};
			};
			buildConfigurationList = D8388E371F37905B004A2DA3 /* Build configuration list for PBXProject "Fruok" */;
			compatibilityVersion = "Xcode 3.2";
			developmentRegion = English;
			hasScannedForEncodings = 0;
			knownRegions = (
				en,
				Base,
			);
			mainGroup = D8388E331F37905B004A2DA3;
			productRefGroup = D8388E3D1F37905B004A2DA3 /* Products */;
			projectDirPath = "";
			projectRoot = "";
			targets = (
				D8388E3B1F37905B004A2DA3 /* Fruok */,
				D8388E511F37905B004A2DA3 /* FruokTests */,
				D8388E5C1F37905B004A2DA3 /* FruokUITests */,
			);
		};
/* End PBXProject section */

/* Begin PBXResourcesBuildPhase section */
		D8388E3A1F37905B004A2DA3 /* Resources */ = {
			isa = PBXResourcesBuildPhase;
			buildActionMask = 2147483647;
			files = (
				D82E21571F3C577500F601DD /* TasksCollectionView.storyboard in Resources */,
				D8FC65151F48C2670065D566 /* LabelEditingItem.xib in Resources */,
				D8C2AD321F3BA78B002D75B2 /* .gitignore in Resources */,
				D82E21751F3CFFFD00F601DD /* TaskDetailVC.xib in Resources */,
				D82E215C1F3C587D00F601DD /* KanbanTaskItem.xib in Resources */,
				D8388E491F37905B004A2DA3 /* Assets.xcassets in Resources */,
				D8C2AD2A1F3A7EBC002D75B2 /* KanbanTaskStateItem.xib in Resources */,
				D8F7B4721F423C4E00060F08 /* DeleteTaskStateConfirmationDialog.xib in Resources */,
				D8388E4C1F37905B004A2DA3 /* Main.storyboard in Resources */,
				D8339DEF1F4711E000EA5617 /* LabelItem.xib in Resources */,
				D8F7B47F1F44EE2800060F08 /* SubtasksVC.xib in Resources */,
				D8339DE71F46FA9700EA5617 /* LabelsVC.xib in Resources */,
			);
			runOnlyForDeploymentPostprocessing = 0;
		};
		D8388E501F37905B004A2DA3 /* Resources */ = {
			isa = PBXResourcesBuildPhase;
			buildActionMask = 2147483647;
			files = (
			);
			runOnlyForDeploymentPostprocessing = 0;
		};
		D8388E5B1F37905B004A2DA3 /* Resources */ = {
			isa = PBXResourcesBuildPhase;
			buildActionMask = 2147483647;
			files = (
			);
			runOnlyForDeploymentPostprocessing = 0;
		};
/* End PBXResourcesBuildPhase section */

/* Begin PBXShellScriptBuildPhase section */
		374A407C80283E1D99994784 /* [CP] Embed Pods Frameworks */ = {
			isa = PBXShellScriptBuildPhase;
			buildActionMask = 2147483647;
			files = (
			);
			inputPaths = (
			);
			name = "[CP] Embed Pods Frameworks";
			outputPaths = (
			);
			runOnlyForDeploymentPostprocessing = 0;
			shellPath = /bin/sh;
			shellScript = "\"${SRCROOT}/Pods/Target Support Files/Pods-FruokUITests/Pods-FruokUITests-frameworks.sh\"\n";
			showEnvVarsInLog = 0;
		};
		385E3B1107A1D90FC2DCF00D /* [CP] Check Pods Manifest.lock */ = {
			isa = PBXShellScriptBuildPhase;
			buildActionMask = 2147483647;
			files = (
			);
			inputPaths = (
			);
			name = "[CP] Check Pods Manifest.lock";
			outputPaths = (
			);
			runOnlyForDeploymentPostprocessing = 0;
			shellPath = /bin/sh;
			shellScript = "diff \"${PODS_ROOT}/../Podfile.lock\" \"${PODS_ROOT}/Manifest.lock\" > /dev/null\nif [ $? != 0 ] ; then\n    # print error to STDERR\n    echo \"error: The sandbox is not in sync with the Podfile.lock. Run 'pod install' or update your CocoaPods installation.\" >&2\n    exit 1\nfi\n";
			showEnvVarsInLog = 0;
		};
		45A5888D33F1861F66F5212D /* [CP] Embed Pods Frameworks */ = {
			isa = PBXShellScriptBuildPhase;
			buildActionMask = 2147483647;
			files = (
			);
			inputPaths = (
			);
			name = "[CP] Embed Pods Frameworks";
			outputPaths = (
			);
			runOnlyForDeploymentPostprocessing = 0;
			shellPath = /bin/sh;
			shellScript = "\"${SRCROOT}/Pods/Target Support Files/Pods-Fruok/Pods-Fruok-frameworks.sh\"\n";
			showEnvVarsInLog = 0;
		};
		4D212D4BDEF03439192CE635 /* [CP] Copy Pods Resources */ = {
			isa = PBXShellScriptBuildPhase;
			buildActionMask = 2147483647;
			files = (
			);
			inputPaths = (
			);
			name = "[CP] Copy Pods Resources";
			outputPaths = (
			);
			runOnlyForDeploymentPostprocessing = 0;
			shellPath = /bin/sh;
			shellScript = "\"${SRCROOT}/Pods/Target Support Files/Pods-FruokUITests/Pods-FruokUITests-resources.sh\"\n";
			showEnvVarsInLog = 0;
		};
		9EB581AE88240798D581AE8B /* [CP] Copy Pods Resources */ = {
			isa = PBXShellScriptBuildPhase;
			buildActionMask = 2147483647;
			files = (
			);
			inputPaths = (
			);
			name = "[CP] Copy Pods Resources";
			outputPaths = (
			);
			runOnlyForDeploymentPostprocessing = 0;
			shellPath = /bin/sh;
			shellScript = "\"${SRCROOT}/Pods/Target Support Files/Pods-FruokTests/Pods-FruokTests-resources.sh\"\n";
			showEnvVarsInLog = 0;
		};
		BCE798319B3EBB41CFDA7120 /* [CP] Embed Pods Frameworks */ = {
			isa = PBXShellScriptBuildPhase;
			buildActionMask = 2147483647;
			files = (
			);
			inputPaths = (
			);
			name = "[CP] Embed Pods Frameworks";
			outputPaths = (
			);
			runOnlyForDeploymentPostprocessing = 0;
			shellPath = /bin/sh;
			shellScript = "\"${SRCROOT}/Pods/Target Support Files/Pods-FruokTests/Pods-FruokTests-frameworks.sh\"\n";
			showEnvVarsInLog = 0;
		};
		C16311C2D055D4AB20025404 /* [CP] Copy Pods Resources */ = {
			isa = PBXShellScriptBuildPhase;
			buildActionMask = 2147483647;
			files = (
			);
			inputPaths = (
			);
			name = "[CP] Copy Pods Resources";
			outputPaths = (
			);
			runOnlyForDeploymentPostprocessing = 0;
			shellPath = /bin/sh;
			shellScript = "\"${SRCROOT}/Pods/Target Support Files/Pods-Fruok/Pods-Fruok-resources.sh\"\n";
			showEnvVarsInLog = 0;
		};
		EA172058D18D0AF5844C3E85 /* [CP] Check Pods Manifest.lock */ = {
			isa = PBXShellScriptBuildPhase;
			buildActionMask = 2147483647;
			files = (
			);
			inputPaths = (
			);
			name = "[CP] Check Pods Manifest.lock";
			outputPaths = (
			);
			runOnlyForDeploymentPostprocessing = 0;
			shellPath = /bin/sh;
			shellScript = "diff \"${PODS_ROOT}/../Podfile.lock\" \"${PODS_ROOT}/Manifest.lock\" > /dev/null\nif [ $? != 0 ] ; then\n    # print error to STDERR\n    echo \"error: The sandbox is not in sync with the Podfile.lock. Run 'pod install' or update your CocoaPods installation.\" >&2\n    exit 1\nfi\n";
			showEnvVarsInLog = 0;
		};
		ECD4A67BFAAB1B43812491F4 /* [CP] Check Pods Manifest.lock */ = {
			isa = PBXShellScriptBuildPhase;
			buildActionMask = 2147483647;
			files = (
			);
			inputPaths = (
			);
			name = "[CP] Check Pods Manifest.lock";
			outputPaths = (
			);
			runOnlyForDeploymentPostprocessing = 0;
			shellPath = /bin/sh;
			shellScript = "diff \"${PODS_ROOT}/../Podfile.lock\" \"${PODS_ROOT}/Manifest.lock\" > /dev/null\nif [ $? != 0 ] ; then\n    # print error to STDERR\n    echo \"error: The sandbox is not in sync with the Podfile.lock. Run 'pod install' or update your CocoaPods installation.\" >&2\n    exit 1\nfi\n";
			showEnvVarsInLog = 0;
		};
/* End PBXShellScriptBuildPhase section */

/* Begin PBXSourcesBuildPhase section */
		D8388E381F37905B004A2DA3 /* Sources */ = {
			isa = PBXSourcesBuildPhase;
			buildActionMask = 2147483647;
			files = (
				D84E45BB1F49BD3200C7891F /* RGBAColorsMarshalling+NSColor.swift in Sources */,
				D82E216D1F3C5CE400F601DD /* Task+CoreDataProperties.swift in Sources */,
				D82E21551F3C541800F601DD /* TasksCollectionVM.swift in Sources */,
				D82ECF281F37985D008251C2 /* Document.xcdatamodeld in Sources */,
				D82ECF351F37985D008251C2 /* Task+CoreDataClass.swift in Sources */,
				D82E21831F4111BD00F601DD /* OneDimensionalFittingCollectionViewLayout.swift in Sources */,
				D82E216E1F3C5CE400F601DD /* TaskState+CoreDataProperties.swift in Sources */,
				D82E21741F3CFFFD00F601DD /* TaskDetailVC.swift in Sources */,
				D8C2AD1B1F3A4CC8002D75B2 /* NSLayoutConstraint+utilities.m in Sources */,
				D8F7B4841F45D16900060F08 /* SubtaskVM.swift in Sources */,
				D82E215E1F3C59BE00F601DD /* KanbanTaskItemVM.swift in Sources */,
				D84E45B61F49BB3B00C7891F /* RGBAColorsMarshalling.swift in Sources */,
				D82ECF291F37985D008251C2 /* BaseTask+CoreDataClass.swift in Sources */,
				D82E216C1F3C5CE400F601DD /* Subtask+CoreDataProperties.swift in Sources */,
				D8FC65131F48C2420065D566 /* LabelEditingItem.swift in Sources */,
				D82E217F1F40F2F700F601DD /* CollectionViewModel.swift in Sources */,
				D8C2AD291F3A7EBC002D75B2 /* KanbanTaskStateItem.swift in Sources */,
				D82E21681F3C5CE400F601DD /* Label+CoreDataProperties.swift in Sources */,
				D82E217B1F3F822000F601DD /* NSManagedObjectContext+URI.swift in Sources */,
				D82E21811F40FAAD00F601DD /* CollectionViewModelClientView.swift in Sources */,
				D82ECF2D1F37985D008251C2 /* LabelColor+CoreDataClass.swift in Sources */,
				D8C2AD2C1F3BA249002D75B2 /* ManagedObjectType.swift in Sources */,
				D8C2AD111F390305002D75B2 /* KVVM.swift in Sources */,
				D82E21531F3C540100F601DD /* TasksCollectionVC.swift in Sources */,
				D82E215B1F3C587D00F601DD /* KanbanTaskItem.swift in Sources */,
				D8339DF11F47127800EA5617 /* LabelItem.swift in Sources */,
				D8339DED1F47111300EA5617 /* LabelItemVM.swift in Sources */,
				D8F7B4761F4364B200060F08 /* NestedScrollView.swift in Sources */,
				D8388E421F37905B004A2DA3 /* DocumentContentVC.swift in Sources */,
				D8F7B4821F44F03C00060F08 /* SubtaskCell.swift in Sources */,
				D82ECF2B1F37985D008251C2 /* Label+CoreDataClass.swift in Sources */,
				D8C2AD241F3A5FFA002D75B2 /* ValidatingCustomToolbarItem.swift in Sources */,
				D82E21671F3C5CE400F601DD /* BaseTask+CoreDataProperties.swift in Sources */,
				D82E216A1F3C5CE400F601DD /* Project+CoreDataProperties.swift in Sources */,
				D8339DE61F46FA9700EA5617 /* LabelsVC.swift in Sources */,
				D8C2AD3D1F3BD284002D75B2 /* FirstResponderView.swift in Sources */,
				D8C2AD381F3BABE6002D75B2 /* KanbanCollectionLayout.swift in Sources */,
				D8339DE91F46FB0500EA5617 /* LabelsVM.swift in Sources */,
				D82ECF371F37985D008251C2 /* TaskState+CoreDataClass.swift in Sources */,
				D8C2AD0F1F39007E002D75B2 /* DocumentContentVM.swift in Sources */,
				D82E21771F3D02E900F601DD /* TaskDetailVM.swift in Sources */,
				D8C2AD1F1F3A4E20002D75B2 /* NSView+SubviewHelpers.m in Sources */,
				D8FC65171F48C2FA0065D566 /* LabelEditingItemVM.swift in Sources */,
				D82E21791F3E6C5300F601DD /* UTI.swift in Sources */,
				D8C2AD341F3BA78B002D75B2 /* NSManagedObjectModel+KCOrderedAccessorFix.m in Sources */,
				D8C2AD221F3A571D002D75B2 /* OptionalRawValueInitializer.swift in Sources */,
				D82E21691F3C5CE400F601DD /* LabelColor+CoreDataProperties.swift in Sources */,
				D82E214C1F3BEC8000F601DD /* DocumentWindowController.swift in Sources */,
				D8388E401F37905B004A2DA3 /* AppDelegate.swift in Sources */,
				D8C2AD0D1F38FB97002D75B2 /* KanbanVC.swift in Sources */,
				D82ECF331F37985D008251C2 /* Subtask+CoreDataClass.swift in Sources */,
				D84E45B91F49BC4E00C7891F /* RGBAColorsMarshalling+CoreData.swift in Sources */,
				D82ECF311F37985D008251C2 /* RGBAColor+CoreDataClass.swift in Sources */,
				D82E216B1F3C5CE400F601DD /* RGBAColor+CoreDataProperties.swift in Sources */,
				D82ECF2F1F37985D008251C2 /* Project+CoreDataClass.swift in Sources */,
				D8F7B4741F423C7000060F08 /* DeleteTaskStateConfirmationVM.swift in Sources */,
				D8388E441F37905B004A2DA3 /* FruokDocument.swift in Sources */,
				D84E45BD1F4A15EE00C7891F /* LabelEditingColorWell.swift in Sources */,
				D8339DF31F477FE400EA5617 /* LabelsCollectionLayout.swift in Sources */,
				D82E217D1F40B57F00F601DD /* CollectionDelegateDragAndDrop.swift in Sources */,
				D8C2AD3A1F3BB753002D75B2 /* KanbanTaskStateItemVM.swift in Sources */,
				D82E21701F3C616000F601DD /* TasksCollectionLayout.swift in Sources */,
				D8C2AD261F3A650D002D75B2 /* KanbanVM.swift in Sources */,
				D8F7B47B1F44E65900060F08 /* SubtasksVM.swift in Sources */,
				D8F7B4711F423C4E00060F08 /* DeleteTaskStateConfirmationDialog.swift in Sources */,
				D8F7B47E1F44EE2800060F08 /* SubtasksVC.swift in Sources */,
			);
			runOnlyForDeploymentPostprocessing = 0;
		};
		D8388E4E1F37905B004A2DA3 /* Sources */ = {
			isa = PBXSourcesBuildPhase;
			buildActionMask = 2147483647;
			files = (
				D8388E571F37905B004A2DA3 /* FruokTests.swift in Sources */,
			);
			runOnlyForDeploymentPostprocessing = 0;
		};
		D8388E591F37905B004A2DA3 /* Sources */ = {
			isa = PBXSourcesBuildPhase;
			buildActionMask = 2147483647;
			files = (
				D8388E621F37905B004A2DA3 /* FruokUITests.swift in Sources */,
			);
			runOnlyForDeploymentPostprocessing = 0;
		};
/* End PBXSourcesBuildPhase section */

/* Begin PBXTargetDependency section */
		D8388E541F37905B004A2DA3 /* PBXTargetDependency */ = {
			isa = PBXTargetDependency;
			target = D8388E3B1F37905B004A2DA3 /* Fruok */;
			targetProxy = D8388E531F37905B004A2DA3 /* PBXContainerItemProxy */;
		};
		D8388E5F1F37905B004A2DA3 /* PBXTargetDependency */ = {
			isa = PBXTargetDependency;
			target = D8388E3B1F37905B004A2DA3 /* Fruok */;
			targetProxy = D8388E5E1F37905B004A2DA3 /* PBXContainerItemProxy */;
		};
/* End PBXTargetDependency section */

/* Begin PBXVariantGroup section */
		D8388E4A1F37905B004A2DA3 /* Main.storyboard */ = {
			isa = PBXVariantGroup;
			children = (
				D8388E4B1F37905B004A2DA3 /* Base */,
			);
			name = Main.storyboard;
			sourceTree = "<group>";
		};
/* End PBXVariantGroup section */

/* Begin XCBuildConfiguration section */
		D8388E641F37905B004A2DA3 /* Debug */ = {
			isa = XCBuildConfiguration;
			buildSettings = {
				ALWAYS_SEARCH_USER_PATHS = NO;
				CLANG_ANALYZER_NONNULL = YES;
				CLANG_CXX_LANGUAGE_STANDARD = "gnu++0x";
				CLANG_CXX_LIBRARY = "libc++";
				CLANG_ENABLE_MODULES = YES;
				CLANG_ENABLE_OBJC_ARC = YES;
				CLANG_WARN_BOOL_CONVERSION = YES;
				CLANG_WARN_CONSTANT_CONVERSION = YES;
				CLANG_WARN_DIRECT_OBJC_ISA_USAGE = YES_ERROR;
				CLANG_WARN_DOCUMENTATION_COMMENTS = YES;
				CLANG_WARN_EMPTY_BODY = YES;
				CLANG_WARN_ENUM_CONVERSION = YES;
				CLANG_WARN_INFINITE_RECURSION = YES;
				CLANG_WARN_INT_CONVERSION = YES;
				CLANG_WARN_OBJC_ROOT_CLASS = YES_ERROR;
				CLANG_WARN_SUSPICIOUS_MOVE = YES;
				CLANG_WARN_UNREACHABLE_CODE = YES;
				CLANG_WARN__DUPLICATE_METHOD_MATCH = YES;
				CODE_SIGN_IDENTITY = "-";
				COPY_PHASE_STRIP = NO;
				DEBUG_INFORMATION_FORMAT = dwarf;
				ENABLE_STRICT_OBJC_MSGSEND = YES;
				ENABLE_TESTABILITY = YES;
				GCC_C_LANGUAGE_STANDARD = gnu99;
				GCC_DYNAMIC_NO_PIC = NO;
				GCC_NO_COMMON_BLOCKS = YES;
				GCC_OPTIMIZATION_LEVEL = 0;
				GCC_PREPROCESSOR_DEFINITIONS = (
					"DEBUG=1",
					"$(inherited)",
				);
				GCC_WARN_64_TO_32_BIT_CONVERSION = YES;
				GCC_WARN_ABOUT_RETURN_TYPE = YES_ERROR;
				GCC_WARN_UNDECLARED_SELECTOR = YES;
				GCC_WARN_UNINITIALIZED_AUTOS = YES_AGGRESSIVE;
				GCC_WARN_UNUSED_FUNCTION = YES;
				GCC_WARN_UNUSED_VARIABLE = YES;
				MACOSX_DEPLOYMENT_TARGET = 10.11;
				MTL_ENABLE_DEBUG_INFO = YES;
				ONLY_ACTIVE_ARCH = YES;
				SDKROOT = macosx;
				SWIFT_ACTIVE_COMPILATION_CONDITIONS = DEBUG;
				SWIFT_OPTIMIZATION_LEVEL = "-Onone";
			};
			name = Debug;
		};
		D8388E651F37905B004A2DA3 /* Release */ = {
			isa = XCBuildConfiguration;
			buildSettings = {
				ALWAYS_SEARCH_USER_PATHS = NO;
				CLANG_ANALYZER_NONNULL = YES;
				CLANG_CXX_LANGUAGE_STANDARD = "gnu++0x";
				CLANG_CXX_LIBRARY = "libc++";
				CLANG_ENABLE_MODULES = YES;
				CLANG_ENABLE_OBJC_ARC = YES;
				CLANG_WARN_BOOL_CONVERSION = YES;
				CLANG_WARN_CONSTANT_CONVERSION = YES;
				CLANG_WARN_DIRECT_OBJC_ISA_USAGE = YES_ERROR;
				CLANG_WARN_DOCUMENTATION_COMMENTS = YES;
				CLANG_WARN_EMPTY_BODY = YES;
				CLANG_WARN_ENUM_CONVERSION = YES;
				CLANG_WARN_INFINITE_RECURSION = YES;
				CLANG_WARN_INT_CONVERSION = YES;
				CLANG_WARN_OBJC_ROOT_CLASS = YES_ERROR;
				CLANG_WARN_SUSPICIOUS_MOVE = YES;
				CLANG_WARN_UNREACHABLE_CODE = YES;
				CLANG_WARN__DUPLICATE_METHOD_MATCH = YES;
				CODE_SIGN_IDENTITY = "-";
				COPY_PHASE_STRIP = NO;
				DEBUG_INFORMATION_FORMAT = "dwarf-with-dsym";
				ENABLE_NS_ASSERTIONS = NO;
				ENABLE_STRICT_OBJC_MSGSEND = YES;
				GCC_C_LANGUAGE_STANDARD = gnu99;
				GCC_NO_COMMON_BLOCKS = YES;
				GCC_WARN_64_TO_32_BIT_CONVERSION = YES;
				GCC_WARN_ABOUT_RETURN_TYPE = YES_ERROR;
				GCC_WARN_UNDECLARED_SELECTOR = YES;
				GCC_WARN_UNINITIALIZED_AUTOS = YES_AGGRESSIVE;
				GCC_WARN_UNUSED_FUNCTION = YES;
				GCC_WARN_UNUSED_VARIABLE = YES;
				MACOSX_DEPLOYMENT_TARGET = 10.11;
				MTL_ENABLE_DEBUG_INFO = NO;
				SDKROOT = macosx;
				SWIFT_OPTIMIZATION_LEVEL = "-Owholemodule";
			};
			name = Release;
		};
		D8388E671F37905B004A2DA3 /* Debug */ = {
			isa = XCBuildConfiguration;
			baseConfigurationReference = D2C4E5796C10D7F492F44FA3 /* Pods-Fruok.debug.xcconfig */;
			buildSettings = {
				ASSETCATALOG_COMPILER_APPICON_NAME = AppIcon;
				CLANG_ENABLE_MODULES = YES;
				CODE_SIGN_IDENTITY = "Mac Developer";
				COMBINE_HIDPI_IMAGES = YES;
				DEVELOPMENT_TEAM = V85GBYB7B9;
				INFOPLIST_FILE = Fruok/Info.plist;
				LD_RUNPATH_SEARCH_PATHS = "$(inherited) @executable_path/../Frameworks";
				PRODUCT_BUNDLE_IDENTIFIER = com.tristan.Fruok;
				PRODUCT_NAME = "$(TARGET_NAME)";
				SWIFT_OBJC_BRIDGING_HEADER = "Thirdparty/Fruok-Bridging-Header.h";
				SWIFT_OPTIMIZATION_LEVEL = "-Onone";
				SWIFT_VERSION = 3.0;
			};
			name = Debug;
		};
		D8388E681F37905B004A2DA3 /* Release */ = {
			isa = XCBuildConfiguration;
			baseConfigurationReference = 4C21E51D276DD940FC54F8EF /* Pods-Fruok.release.xcconfig */;
			buildSettings = {
				ASSETCATALOG_COMPILER_APPICON_NAME = AppIcon;
				CLANG_ENABLE_MODULES = YES;
				CODE_SIGN_IDENTITY = "Mac Developer";
				COMBINE_HIDPI_IMAGES = YES;
				DEVELOPMENT_TEAM = V85GBYB7B9;
				INFOPLIST_FILE = Fruok/Info.plist;
				LD_RUNPATH_SEARCH_PATHS = "$(inherited) @executable_path/../Frameworks";
				PRODUCT_BUNDLE_IDENTIFIER = com.tristan.Fruok;
				PRODUCT_NAME = "$(TARGET_NAME)";
				SWIFT_OBJC_BRIDGING_HEADER = "Thirdparty/Fruok-Bridging-Header.h";
				SWIFT_VERSION = 3.0;
			};
			name = Release;
		};
		D8388E6A1F37905B004A2DA3 /* Debug */ = {
			isa = XCBuildConfiguration;
			baseConfigurationReference = 5C53158C7E7326DE87354803 /* Pods-FruokTests.debug.xcconfig */;
			buildSettings = {
				ALWAYS_EMBED_SWIFT_STANDARD_LIBRARIES = YES;
				BUNDLE_LOADER = "$(TEST_HOST)";
				COMBINE_HIDPI_IMAGES = YES;
				DEVELOPMENT_TEAM = V85GBYB7B9;
				INFOPLIST_FILE = FruokTests/Info.plist;
				LD_RUNPATH_SEARCH_PATHS = "$(inherited) @executable_path/../Frameworks @loader_path/../Frameworks";
				PRODUCT_BUNDLE_IDENTIFIER = com.tristan.FruokTests;
				PRODUCT_NAME = "$(TARGET_NAME)";
				SWIFT_VERSION = 3.0;
				TEST_HOST = "$(BUILT_PRODUCTS_DIR)/Fruok.app/Contents/MacOS/Fruok";
			};
			name = Debug;
		};
		D8388E6B1F37905B004A2DA3 /* Release */ = {
			isa = XCBuildConfiguration;
			baseConfigurationReference = 6679486F929405FF3487ADB0 /* Pods-FruokTests.release.xcconfig */;
			buildSettings = {
				ALWAYS_EMBED_SWIFT_STANDARD_LIBRARIES = YES;
				BUNDLE_LOADER = "$(TEST_HOST)";
				COMBINE_HIDPI_IMAGES = YES;
				DEVELOPMENT_TEAM = V85GBYB7B9;
				INFOPLIST_FILE = FruokTests/Info.plist;
				LD_RUNPATH_SEARCH_PATHS = "$(inherited) @executable_path/../Frameworks @loader_path/../Frameworks";
				PRODUCT_BUNDLE_IDENTIFIER = com.tristan.FruokTests;
				PRODUCT_NAME = "$(TARGET_NAME)";
				SWIFT_VERSION = 3.0;
				TEST_HOST = "$(BUILT_PRODUCTS_DIR)/Fruok.app/Contents/MacOS/Fruok";
			};
			name = Release;
		};
		D8388E6D1F37905B004A2DA3 /* Debug */ = {
			isa = XCBuildConfiguration;
			baseConfigurationReference = 257C710E74A9AEF82CAAF9EC /* Pods-FruokUITests.debug.xcconfig */;
			buildSettings = {
				ALWAYS_EMBED_SWIFT_STANDARD_LIBRARIES = YES;
				COMBINE_HIDPI_IMAGES = YES;
				DEVELOPMENT_TEAM = V85GBYB7B9;
				INFOPLIST_FILE = FruokUITests/Info.plist;
				LD_RUNPATH_SEARCH_PATHS = "$(inherited) @executable_path/../Frameworks @loader_path/../Frameworks";
				PRODUCT_BUNDLE_IDENTIFIER = com.tristan.FruokUITests;
				PRODUCT_NAME = "$(TARGET_NAME)";
				SWIFT_VERSION = 3.0;
				TEST_TARGET_NAME = Fruok;
			};
			name = Debug;
		};
		D8388E6E1F37905B004A2DA3 /* Release */ = {
			isa = XCBuildConfiguration;
			baseConfigurationReference = 6C62FC992BCF259AA9BEB170 /* Pods-FruokUITests.release.xcconfig */;
			buildSettings = {
				ALWAYS_EMBED_SWIFT_STANDARD_LIBRARIES = YES;
				COMBINE_HIDPI_IMAGES = YES;
				DEVELOPMENT_TEAM = V85GBYB7B9;
				INFOPLIST_FILE = FruokUITests/Info.plist;
				LD_RUNPATH_SEARCH_PATHS = "$(inherited) @executable_path/../Frameworks @loader_path/../Frameworks";
				PRODUCT_BUNDLE_IDENTIFIER = com.tristan.FruokUITests;
				PRODUCT_NAME = "$(TARGET_NAME)";
				SWIFT_VERSION = 3.0;
				TEST_TARGET_NAME = Fruok;
			};
			name = Release;
		};
/* End XCBuildConfiguration section */

/* Begin XCConfigurationList section */
		D8388E371F37905B004A2DA3 /* Build configuration list for PBXProject "Fruok" */ = {
			isa = XCConfigurationList;
			buildConfigurations = (
				D8388E641F37905B004A2DA3 /* Debug */,
				D8388E651F37905B004A2DA3 /* Release */,
			);
			defaultConfigurationIsVisible = 0;
			defaultConfigurationName = Release;
		};
		D8388E661F37905B004A2DA3 /* Build configuration list for PBXNativeTarget "Fruok" */ = {
			isa = XCConfigurationList;
			buildConfigurations = (
				D8388E671F37905B004A2DA3 /* Debug */,
				D8388E681F37905B004A2DA3 /* Release */,
			);
			defaultConfigurationIsVisible = 0;
			defaultConfigurationName = Release;
		};
		D8388E691F37905B004A2DA3 /* Build configuration list for PBXNativeTarget "FruokTests" */ = {
			isa = XCConfigurationList;
			buildConfigurations = (
				D8388E6A1F37905B004A2DA3 /* Debug */,
				D8388E6B1F37905B004A2DA3 /* Release */,
			);
			defaultConfigurationIsVisible = 0;
			defaultConfigurationName = Release;
		};
		D8388E6C1F37905B004A2DA3 /* Build configuration list for PBXNativeTarget "FruokUITests" */ = {
			isa = XCConfigurationList;
			buildConfigurations = (
				D8388E6D1F37905B004A2DA3 /* Debug */,
				D8388E6E1F37905B004A2DA3 /* Release */,
			);
			defaultConfigurationIsVisible = 0;
			defaultConfigurationName = Release;
		};
/* End XCConfigurationList section */

/* Begin XCVersionGroup section */
		D82ECF151F37985D008251C2 /* Document.xcdatamodeld */ = {
			isa = XCVersionGroup;
			children = (
				D82ECF161F37985D008251C2 /* Document.xcdatamodel */,
			);
			currentVersion = D82ECF161F37985D008251C2 /* Document.xcdatamodel */;
			path = Document.xcdatamodeld;
			sourceTree = "<group>";
			versionGroupType = wrapper.xcdatamodel;
		};
/* End XCVersionGroup section */
	};
	rootObject = D8388E341F37905B004A2DA3 /* Project object */;
}
